
Microsoft Visual Studio Solution File, Format Version 12.00
# Visual Studio Version 17
VisualStudioVersion = 17.9.34714.143
MinimumVisualStudioVersion = 10.0.40219.1
Project("{FAE04EC0-301F-11D3-BF4B-00C04F79EFBC}") = "Sitema_Inventario", "Sitema_Inventario\Sitema_Inventario.csproj", "{41F26A36-6946-41CE-9CF2-277FD8937455}"
EndProject
Global
	GlobalSection(SolutionConfigurationPlatforms) = preSolution
		Debug|Any CPU = Debug|Any CPU
		Release|Any CPU = Release|Any CPU
	EndGlobalSection
	GlobalSection(ProjectConfigurationPlatforms) = postSolution
		{41F26A36-6946-41CE-9CF2-277FD8937455}.Debug|Any CPU.ActiveCfg = Debug|Any CPU
		{41F26A36-6946-41CE-9CF2-277FD8937455}.Debug|Any CPU.Build.0 = Debug|Any CPU
		{41F26A36-6946-41CE-9CF2-277FD8937455}.Release|Any CPU.ActiveCfg = Release|Any CPU
		{41F26A36-6946-41CE-9CF2-277FD8937455}.Release|Any CPU.Build.0 = Release|Any CPU
	EndGlobalSection
	GlobalSection(SolutionProperties) = preSolution
		HideSolutionNode = FALSE
	EndGlobalSection
	GlobalSection(ExtensibilityGlobals) = postSolution
		SolutionGuid = {CB1F4CB7-245C-4E24-A28D-A578F0F28F2B}
	EndGlobalSection
EndGlobal
